
Microsoft Visual Studio Solution File, Format Version 12.00
# Visual Studio Version 16
VisualStudioVersion = 16.0.30907.101
MinimumVisualStudioVersion = 10.0.40219.1
Project("{FAE04EC0-301F-11D3-BF4B-00C04F79EFBC}") = "WebPhotoDownloader", "WebPhotoDownloader\WebPhotoDownloader.csproj", "{C8E772B2-5D8B-4D6F-A90D-AF52ACB85944}"
EndProject
Project("{54435603-DBB4-11D2-8724-00A0C9A8B90C}") = "Setup1", "Setup1\Setup1.vdproj", "{6E9D9E3D-01B5-448C-9C78-DFE9F3C5AD31}"
EndProject
Global
	GlobalSection(SolutionConfigurationPlatforms) = preSolution
		Debug|Any CPU = Debug|Any CPU
		Release|Any CPU = Release|Any CPU
	EndGlobalSection
	GlobalSection(ProjectConfigurationPlatforms) = postSolution
		{C8E772B2-5D8B-4D6F-A90D-AF52ACB85944}.Debug|Any CPU.ActiveCfg = Debug|Any CPU
		{C8E772B2-5D8B-4D6F-A90D-AF52ACB85944}.Debug|Any CPU.Build.0 = Debug|Any CPU
		{C8E772B2-5D8B-4D6F-A90D-AF52ACB85944}.Release|Any CPU.ActiveCfg = Release|Any CPU
		{C8E772B2-5D8B-4D6F-A90D-AF52ACB85944}.Release|Any CPU.Build.0 = Release|Any CPU
		{6E9D9E3D-01B5-448C-9C78-DFE9F3C5AD31}.Debug|Any CPU.ActiveCfg = Debug
		{6E9D9E3D-01B5-448C-9C78-DFE9F3C5AD31}.Release|Any CPU.ActiveCfg = Release
	EndGlobalSection
	GlobalSection(SolutionProperties) = preSolution
		HideSolutionNode = FALSE
	EndGlobalSection
	GlobalSection(ExtensibilityGlobals) = postSolution
		SolutionGuid = {AA51418E-ED29-439B-A9B2-DF6541C08B4F}
	EndGlobalSection
EndGlobal
